
Microsoft Visual Studio Solution File, Format Version 12.00
# Visual Studio Version 16
VisualStudioVersion = 16.0.31729.503
MinimumVisualStudioVersion = 10.0.40219.1
Project("{8BC9CEB8-8B4A-11D0-8D11-00A0C91BC942}") = "QUICKSORT_int", "QUICKSORT_int.vcxproj", "{A0E1E913-83E9-4390-9F39-EB9F5333F5D5}"
EndProject
Global
	GlobalSection(SolutionConfigurationPlatforms) = preSolution
		Debug|x64 = Debug|x64
		Debug|x86 = Debug|x86
		Release|x64 = Release|x64
		Release|x86 = Release|x86
	EndGlobalSection
	GlobalSection(ProjectConfigurationPlatforms) = postSolution
		{A0E1E913-83E9-4390-9F39-EB9F5333F5D5}.Debug|x64.ActiveCfg = Debug|x64
		{A0E1E913-83E9-4390-9F39-EB9F5333F5D5}.Debug|x64.Build.0 = Debug|x64
		{A0E1E913-83E9-4390-9F39-EB9F5333F5D5}.Debug|x86.ActiveCfg = Debug|Win32
		{A0E1E913-83E9-4390-9F39-EB9F5333F5D5}.Debug|x86.Build.0 = Debug|Win32
		{A0E1E913-83E9-4390-9F39-EB9F5333F5D5}.Release|x64.ActiveCfg = Release|x64
		{A0E1E913-83E9-4390-9F39-EB9F5333F5D5}.Release|x64.Build.0 = Release|x64
		{A0E1E913-83E9-4390-9F39-EB9F5333F5D5}.Release|x86.ActiveCfg = Release|Win32
		{A0E1E913-83E9-4390-9F39-EB9F5333F5D5}.Release|x86.Build.0 = Release|Win32
	EndGlobalSection
	GlobalSection(SolutionProperties) = preSolution
		HideSolutionNode = FALSE
	EndGlobalSection
	GlobalSection(ExtensibilityGlobals) = postSolution
		SolutionGuid = {C470E340-DA3C-4119-9258-FBAD1FE91E83}
	EndGlobalSection
EndGlobal
