
Microsoft Visual Studio Solution File, Format Version 12.00
# Visual Studio Version 16
VisualStudioVersion = 16.0.31729.503
MinimumVisualStudioVersion = 10.0.40219.1
Project("{8BC9CEB8-8B4A-11D0-8D11-00A0C91BC942}") = "Assignment_3", "Assignment_3.vcxproj", "{13089692-48ED-4B4B-B2CE-D1B9EC509360}"
EndProject
Global
	GlobalSection(SolutionConfigurationPlatforms) = preSolution
		Debug|x64 = Debug|x64
		Debug|x86 = Debug|x86
		Release|x64 = Release|x64
		Release|x86 = Release|x86
	EndGlobalSection
	GlobalSection(ProjectConfigurationPlatforms) = postSolution
		{13089692-48ED-4B4B-B2CE-D1B9EC509360}.Debug|x64.ActiveCfg = Debug|x64
		{13089692-48ED-4B4B-B2CE-D1B9EC509360}.Debug|x64.Build.0 = Debug|x64
		{13089692-48ED-4B4B-B2CE-D1B9EC509360}.Debug|x86.ActiveCfg = Debug|Win32
		{13089692-48ED-4B4B-B2CE-D1B9EC509360}.Debug|x86.Build.0 = Debug|Win32
		{13089692-48ED-4B4B-B2CE-D1B9EC509360}.Release|x64.ActiveCfg = Release|x64
		{13089692-48ED-4B4B-B2CE-D1B9EC509360}.Release|x64.Build.0 = Release|x64
		{13089692-48ED-4B4B-B2CE-D1B9EC509360}.Release|x86.ActiveCfg = Release|Win32
		{13089692-48ED-4B4B-B2CE-D1B9EC509360}.Release|x86.Build.0 = Release|Win32
	EndGlobalSection
	GlobalSection(SolutionProperties) = preSolution
		HideSolutionNode = FALSE
	EndGlobalSection
	GlobalSection(ExtensibilityGlobals) = postSolution
		SolutionGuid = {72DBC05E-88A7-4F65-AB4C-7E79F8EA1D2B}
	EndGlobalSection
EndGlobal
